
Microsoft Visual Studio Solution File, Format Version 12.00
# Visual Studio Version 17
VisualStudioVersion = 17.13.36105.23
MinimumVisualStudioVersion = 10.0.40219.1
Project("{2150E333-8FDC-42A3-9474-1A3956D46DE8}") = "src", "src", "{02EA681E-C7D8-13C7-8484-4AC65E1B71E8}"
EndProject
Project("{2150E333-8FDC-42A3-9474-1A3956D46DE8}") = "Core", "Core", "{10BE349F-3CC8-4076-8E54-833D9FFA73FC}"
EndProject
Project("{2150E333-8FDC-42A3-9474-1A3956D46DE8}") = "Infrastructure", "Infrastructure", "{A1290EB7-4EC0-4ECF-BF54-111F12463959}"
EndProject
Project("{2150E333-8FDC-42A3-9474-1A3956D46DE8}") = "Shared", "Shared", "{CAD3938B-F259-4C3E-A3BB-FA399AE48063}"
EndProject
Project("{2150E333-8FDC-42A3-9474-1A3956D46DE8}") = "API", "API", "{82F02E0A-74E1-465B-A877-D88E008B8E8F}"
EndProject
Project("{2150E333-8FDC-42A3-9474-1A3956D46DE8}") = "Presentation", "Presentation", "{17D9367B-B18D-45E7-98A0-B622DB194225}"
EndProject
Project("{FAE04EC0-301F-11D3-BF4B-00C04F79EFBC}") = "HRM.Shared.Kernel", "src\Shared\HRM.Shared.Kernel\HRM.Shared.Kernel.csproj", "{93770BAA-60AF-42D8-B4C3-14CB41ADACF2}"
EndProject
Project("{FAE04EC0-301F-11D3-BF4B-00C04F79EFBC}") = "HRM.Domain", "src\Core\HRM.Domain\HRM.Domain.csproj", "{A8471EFA-D35F-4BF4-8296-8043144A4F52}"
EndProject
Project("{FAE04EC0-301F-11D3-BF4B-00C04F79EFBC}") = "HRM.Application", "src\Core\HRM.Application\HRM.Application.csproj", "{5DF493BF-2489-4D04-8E1D-33B2D1EA57D7}"
EndProject
Project("{FAE04EC0-301F-11D3-BF4B-00C04F79EFBC}") = "HRM.Infrastructure.Persistence", "src\Infrastructure\HRM.Infrastructure.Persistence\HRM.Infrastructure.Persistence.csproj", "{46A9ADE7-BF41-4728-A377-0A53761D3027}"
EndProject
Project("{FAE04EC0-301F-11D3-BF4B-00C04F79EFBC}") = "HRM.Infrastructure.Identity", "src\Infrastructure\HRM.Infrastructure.Identity\HRM.Infrastructure.Identity.csproj", "{AC028408-73E6-4E7A-BFDD-EF40C8EE5EB8}"
EndProject
Project("{FAE04EC0-301F-11D3-BF4B-00C04F79EFBC}") = "HRM.Infrastructure.Logging", "src\Infrastructure\HRM.Infrastructure.Logging\HRM.Infrastructure.Logging.csproj", "{420020CF-A789-488D-905A-C1B3DB7B6450}"
EndProject
Project("{FAE04EC0-301F-11D3-BF4B-00C04F79EFBC}") = "HRM.WebFramework", "src\API\HRM.WebFramework\HRM.WebFramework.csproj", "{924B203A-209E-4B4E-9029-BCF817D797C3}"
EndProject
Project("{FAE04EC0-301F-11D3-BF4B-00C04F79EFBC}") = "HRM.WebAPI", "src\API\HRM.WebAPI\HRM.WebAPI.csproj", "{DBE75C83-8BE5-4222-A899-7EF136803F7D}"
EndProject
Project("{FAE04EC0-301F-11D3-BF4B-00C04F79EFBC}") = "HRM.WebApp", "src\Presentation\HRM.WebApp\HRM.WebApp.csproj", "{1E82BF8C-D0E4-49A5-9A90-73FF94A537F7}"
EndProject
Global
	GlobalSection(SolutionConfigurationPlatforms) = preSolution
		Debug|Any CPU = Debug|Any CPU
		Release|Any CPU = Release|Any CPU
	EndGlobalSection
	GlobalSection(ProjectConfigurationPlatforms) = postSolution
		{93770BAA-60AF-42D8-B4C3-14CB41ADACF2}.Debug|Any CPU.ActiveCfg = Debug|Any CPU
		{93770BAA-60AF-42D8-B4C3-14CB41ADACF2}.Debug|Any CPU.Build.0 = Debug|Any CPU
		{93770BAA-60AF-42D8-B4C3-14CB41ADACF2}.Release|Any CPU.ActiveCfg = Release|Any CPU
		{93770BAA-60AF-42D8-B4C3-14CB41ADACF2}.Release|Any CPU.Build.0 = Release|Any CPU
		{A8471EFA-D35F-4BF4-8296-8043144A4F52}.Debug|Any CPU.ActiveCfg = Debug|Any CPU
		{A8471EFA-D35F-4BF4-8296-8043144A4F52}.Debug|Any CPU.Build.0 = Debug|Any CPU
		{A8471EFA-D35F-4BF4-8296-8043144A4F52}.Release|Any CPU.ActiveCfg = Release|Any CPU
		{A8471EFA-D35F-4BF4-8296-8043144A4F52}.Release|Any CPU.Build.0 = Release|Any CPU
		{5DF493BF-2489-4D04-8E1D-33B2D1EA57D7}.Debug|Any CPU.ActiveCfg = Debug|Any CPU
		{5DF493BF-2489-4D04-8E1D-33B2D1EA57D7}.Debug|Any CPU.Build.0 = Debug|Any CPU
		{5DF493BF-2489-4D04-8E1D-33B2D1EA57D7}.Release|Any CPU.ActiveCfg = Release|Any CPU
		{5DF493BF-2489-4D04-8E1D-33B2D1EA57D7}.Release|Any CPU.Build.0 = Release|Any CPU
		{46A9ADE7-BF41-4728-A377-0A53761D3027}.Debug|Any CPU.ActiveCfg = Debug|Any CPU
		{46A9ADE7-BF41-4728-A377-0A53761D3027}.Debug|Any CPU.Build.0 = Debug|Any CPU
		{46A9ADE7-BF41-4728-A377-0A53761D3027}.Release|Any CPU.ActiveCfg = Release|Any CPU
		{46A9ADE7-BF41-4728-A377-0A53761D3027}.Release|Any CPU.Build.0 = Release|Any CPU
		{AC028408-73E6-4E7A-BFDD-EF40C8EE5EB8}.Debug|Any CPU.ActiveCfg = Debug|Any CPU
		{AC028408-73E6-4E7A-BFDD-EF40C8EE5EB8}.Debug|Any CPU.Build.0 = Debug|Any CPU
		{AC028408-73E6-4E7A-BFDD-EF40C8EE5EB8}.Release|Any CPU.ActiveCfg = Release|Any CPU
		{AC028408-73E6-4E7A-BFDD-EF40C8EE5EB8}.Release|Any CPU.Build.0 = Release|Any CPU
		{420020CF-A789-488D-905A-C1B3DB7B6450}.Debug|Any CPU.ActiveCfg = Debug|Any CPU
		{420020CF-A789-488D-905A-C1B3DB7B6450}.Debug|Any CPU.Build.0 = Debug|Any CPU
		{420020CF-A789-488D-905A-C1B3DB7B6450}.Release|Any CPU.ActiveCfg = Release|Any CPU
		{420020CF-A789-488D-905A-C1B3DB7B6450}.Release|Any CPU.Build.0 = Release|Any CPU
		{924B203A-209E-4B4E-9029-BCF817D797C3}.Debug|Any CPU.ActiveCfg = Debug|Any CPU
		{924B203A-209E-4B4E-9029-BCF817D797C3}.Debug|Any CPU.Build.0 = Debug|Any CPU
		{924B203A-209E-4B4E-9029-BCF817D797C3}.Release|Any CPU.ActiveCfg = Release|Any CPU
		{924B203A-209E-4B4E-9029-BCF817D797C3}.Release|Any CPU.Build.0 = Release|Any CPU
		{DBE75C83-8BE5-4222-A899-7EF136803F7D}.Debug|Any CPU.ActiveCfg = Debug|Any CPU
		{DBE75C83-8BE5-4222-A899-7EF136803F7D}.Debug|Any CPU.Build.0 = Debug|Any CPU
		{DBE75C83-8BE5-4222-A899-7EF136803F7D}.Release|Any CPU.ActiveCfg = Release|Any CPU
		{DBE75C83-8BE5-4222-A899-7EF136803F7D}.Release|Any CPU.Build.0 = Release|Any CPU
		{1E82BF8C-D0E4-49A5-9A90-73FF94A537F7}.Debug|Any CPU.ActiveCfg = Debug|Any CPU
		{1E82BF8C-D0E4-49A5-9A90-73FF94A537F7}.Debug|Any CPU.Build.0 = Debug|Any CPU
		{1E82BF8C-D0E4-49A5-9A90-73FF94A537F7}.Release|Any CPU.ActiveCfg = Release|Any CPU
		{1E82BF8C-D0E4-49A5-9A90-73FF94A537F7}.Release|Any CPU.Build.0 = Release|Any CPU
	EndGlobalSection
	GlobalSection(SolutionProperties) = preSolution
		HideSolutionNode = FALSE
	EndGlobalSection
	GlobalSection(NestedProjects) = preSolution
		{10BE349F-3CC8-4076-8E54-833D9FFA73FC} = {02EA681E-C7D8-13C7-8484-4AC65E1B71E8}
		{A1290EB7-4EC0-4ECF-BF54-111F12463959} = {02EA681E-C7D8-13C7-8484-4AC65E1B71E8}
		{CAD3938B-F259-4C3E-A3BB-FA399AE48063} = {02EA681E-C7D8-13C7-8484-4AC65E1B71E8}
		{82F02E0A-74E1-465B-A877-D88E008B8E8F} = {02EA681E-C7D8-13C7-8484-4AC65E1B71E8}
		{17D9367B-B18D-45E7-98A0-B622DB194225} = {02EA681E-C7D8-13C7-8484-4AC65E1B71E8}
		{93770BAA-60AF-42D8-B4C3-14CB41ADACF2} = {CAD3938B-F259-4C3E-A3BB-FA399AE48063}
		{A8471EFA-D35F-4BF4-8296-8043144A4F52} = {10BE349F-3CC8-4076-8E54-833D9FFA73FC}
		{5DF493BF-2489-4D04-8E1D-33B2D1EA57D7} = {10BE349F-3CC8-4076-8E54-833D9FFA73FC}
		{46A9ADE7-BF41-4728-A377-0A53761D3027} = {A1290EB7-4EC0-4ECF-BF54-111F12463959}
		{AC028408-73E6-4E7A-BFDD-EF40C8EE5EB8} = {A1290EB7-4EC0-4ECF-BF54-111F12463959}
		{420020CF-A789-488D-905A-C1B3DB7B6450} = {A1290EB7-4EC0-4ECF-BF54-111F12463959}
		{924B203A-209E-4B4E-9029-BCF817D797C3} = {82F02E0A-74E1-465B-A877-D88E008B8E8F}
		{DBE75C83-8BE5-4222-A899-7EF136803F7D} = {82F02E0A-74E1-465B-A877-D88E008B8E8F}
		{1E82BF8C-D0E4-49A5-9A90-73FF94A537F7} = {17D9367B-B18D-45E7-98A0-B622DB194225}
	EndGlobalSection
	GlobalSection(ExtensibilityGlobals) = postSolution
		SolutionGuid = {55619F7E-676A-42C5-AB64-6DF1CD2E6783}
	EndGlobalSection
EndGlobal
